Microsoft Visual Studio Solution File, Format Version 11.00
# Visual Studio 2008

Project("{336D7E0B-4B3B-FE62-2251-D6DA7EB2C817}") = "Scattered_Sands", "Assembly-CSharp-firstpass.csproj", "{E8C2266A-3A07-31D1-A691-5260E329F93A}"
EndProject
Project("{336D7E0B-4B3B-FE62-2251-D6DA7EB2C817}") = "Scattered_Sands", "Assembly-CSharp.csproj", "{520C6DA1-7C30-89E4-8A9F-190383D868C7}"
EndProject
Project("{336D7E0B-4B3B-FE62-2251-D6DA7EB2C817}") = "Scattered_Sands", "Assembly-CSharp-Editor.csproj", "{037002F6-7BED-E8F3-6D90-134FD0EEC672}"
EndProject
Global
	GlobalSection(SolutionConfigurationPlatforms) = preSolution
		Debug|Any CPU = Debug|Any CPU
		Release|Any CPU = Release|Any CPU
	EndGlobalSection
	GlobalSection(ProjectConfigurationPlatforms) = postSolution
		{E8C2266A-3A07-31D1-A691-5260E329F93A}.Debug|Any CPU.ActiveCfg = Debug|Any CPU
		{E8C2266A-3A07-31D1-A691-5260E329F93A}.Debug|Any CPU.Build.0 = Debug|Any CPU
		{E8C2266A-3A07-31D1-A691-5260E329F93A}.Release|Any CPU.ActiveCfg = Release|Any CPU
		{E8C2266A-3A07-31D1-A691-5260E329F93A}.Release|Any CPU.Build.0 = Release|Any CPU
		{520C6DA1-7C30-89E4-8A9F-190383D868C7}.Debug|Any CPU.ActiveCfg = Debug|Any CPU
		{520C6DA1-7C30-89E4-8A9F-190383D868C7}.Debug|Any CPU.Build.0 = Debug|Any CPU
		{520C6DA1-7C30-89E4-8A9F-190383D868C7}.Release|Any CPU.ActiveCfg = Release|Any CPU
		{520C6DA1-7C30-89E4-8A9F-190383D868C7}.Release|Any CPU.Build.0 = Release|Any CPU
		{037002F6-7BED-E8F3-6D90-134FD0EEC672}.Debug|Any CPU.ActiveCfg = Debug|Any CPU
		{037002F6-7BED-E8F3-6D90-134FD0EEC672}.Debug|Any CPU.Build.0 = Debug|Any CPU
		{037002F6-7BED-E8F3-6D90-134FD0EEC672}.Release|Any CPU.ActiveCfg = Release|Any CPU
		{037002F6-7BED-E8F3-6D90-134FD0EEC672}.Release|Any CPU.Build.0 = Release|Any CPU
	EndGlobalSection
	GlobalSection(SolutionProperties) = preSolution
		HideSolutionNode = FALSE
	EndGlobalSection
	GlobalSection(MonoDevelopProperties) = preSolution
		StartupItem = Assembly-CSharp.csproj
	EndGlobalSection
EndGlobal
